// !$*UTF8*$!
{
	archiveVersion = 1;
	classes = {
	};
	objectVersion = 55;
	objects = {

/* Begin PBXBuildFile section */
		325664D92773E420006625E2 /* BalloonApp.swift in Sources */ = {isa = PBXBuildFile; fileRef = 325664D82773E420006625E2 /* BalloonApp.swift */; };
		325664DB2773E420006625E2 /* ContentView.swift in Sources */ = {isa = PBXBuildFile; fileRef = 325664DA2773E420006625E2 /* ContentView.swift */; };
		325664DD2773E422006625E2 /* Assets.xcassets in Resources */ = {isa = PBXBuildFile; fileRef = 325664DC2773E422006625E2 /* Assets.xcassets */; };
		325664E02773E422006625E2 /* Preview Assets.xcassets in Resources */ = {isa = PBXBuildFile; fileRef = 325664DF2773E422006625E2 /* Preview Assets.xcassets */; };
		325664EA2773E423006625E2 /* BalloonTests.swift in Sources */ = {isa = PBXBuildFile; fileRef = 325664E92773E423006625E2 /* BalloonTests.swift */; };
		325664F42773E423006625E2 /* BalloonUITests.swift in Sources */ = {isa = PBXBuildFile; fileRef = 325664F32773E423006625E2 /* BalloonUITests.swift */; };
		325664F62773E423006625E2 /* BalloonUITestsLaunchTests.swift in Sources */ = {isa = PBXBuildFile; fileRef = 325664F52773E423006625E2 /* BalloonUITestsLaunchTests.swift */; };
		325665042773E860006625E2 /* Starscream in Frameworks */ = {isa = PBXBuildFile; productRef = 325665032773E860006625E2 /* Starscream */; };
		325665062773E8FB006625E2 /* TocenLive.swift in Sources */ = {isa = PBXBuildFile; fileRef = 325665052773E8FB006625E2 /* TocenLive.swift */; };
		32BE491F27749D5300F60371 /* sample.json in Resources */ = {isa = PBXBuildFile; fileRef = 32BE491E27749D5300F60371 /* sample.json */; };
/* End PBXBuildFile section */

/* Begin PBXContainerItemProxy section */
		325664E62773E423006625E2 /* PBXContainerItemProxy */ = {
			isa = PBXContainerItemProxy;
			containerPortal = 325664CD2773E420006625E2 /* Project object */;
			proxyType = 1;
			remoteGlobalIDString = 325664D42773E420006625E2;
			remoteInfo = Balloon;
		};
		325664F02773E423006625E2 /* PBXContainerItemProxy */ = {
			isa = PBXContainerItemProxy;
			containerPortal = 325664CD2773E420006625E2 /* Project object */;
			proxyType = 1;
			remoteGlobalIDString = 325664D42773E420006625E2;
			remoteInfo = Balloon;
		};
/* End PBXContainerItemProxy section */

/* Begin PBXFileReference section */
		325664D52773E420006625E2 /* Balloon.app */ = {isa = PBXFileReference; explicitFileType = wrapper.application; includeInIndex = 0; path = Balloon.app; sourceTree = BUILT_PRODUCTS_DIR; };
		325664D82773E420006625E2 /* BalloonApp.swift */ = {isa = PBXFileReference; lastKnownFileType = sourcecode.swift; path = BalloonApp.swift; sourceTree = "<group>"; };
		325664DA2773E420006625E2 /* ContentView.swift */ = {isa = PBXFileReference; lastKnownFileType = sourcecode.swift; path = ContentView.swift; sourceTree = "<group>"; };
		325664DC2773E422006625E2 /* Assets.xcassets */ = {isa = PBXFileReference; lastKnownFileType = folder.assetcatalog; path = Assets.xcassets; sourceTree = "<group>"; };
		325664DF2773E422006625E2 /* Preview Assets.xcassets */ = {isa = PBXFileReference; lastKnownFileType = folder.assetcatalog; path = "Preview Assets.xcassets"; sourceTree = "<group>"; };
		325664E52773E423006625E2 /* BalloonTests.xctest */ = {isa = PBXFileReference; explicitFileType = wrapper.cfbundle; includeInIndex = 0; path = BalloonTests.xctest; sourceTree = BUILT_PRODUCTS_DIR; };
		325664E92773E423006625E2 /* BalloonTests.swift */ = {isa = PBXFileReference; lastKnownFileType = sourcecode.swift; path = BalloonTests.swift; sourceTree = "<group>"; };
		325664EF2773E423006625E2 /* BalloonUITests.xctest */ = {isa = PBXFileReference; explicitFileType = wrapper.cfbundle; includeInIndex = 0; path = BalloonUITests.xctest; sourceTree = BUILT_PRODUCTS_DIR; };
		325664F32773E423006625E2 /* BalloonUITests.swift */ = {isa = PBXFileReference; lastKnownFileType = sourcecode.swift; path = BalloonUITests.swift; sourceTree = "<group>"; };
		325664F52773E423006625E2 /* BalloonUITestsLaunchTests.swift */ = {isa = PBXFileReference; lastKnownFileType = sourcecode.swift; path = BalloonUITestsLaunchTests.swift; sourceTree = "<group>"; };
		325665052773E8FB006625E2 /* TocenLive.swift */ = {isa = PBXFileReference; lastKnownFileType = sourcecode.swift; path = TocenLive.swift; sourceTree = "<group>"; };
		32BE491E27749D5300F60371 /* sample.json */ = {isa = PBXFileReference; lastKnownFileType = text.json; path = sample.json; sourceTree = "<group>"; };
/* End PBXFileReference section */

/* Begin PBXFrameworksBuildPhase section */
		325664D22773E420006625E2 /* Frameworks */ = {
			isa = PBXFrameworksBuildPhase;
			buildActionMask = 2147483647;
			files = (
				325665042773E860006625E2 /* Starscream in Frameworks */,
			);
			runOnlyForDeploymentPostprocessing = 0;
		};
		325664E22773E423006625E2 /* Frameworks */ = {
			isa = PBXFrameworksBuildPhase;
			buildActionMask = 2147483647;
			files = (
			);
			runOnlyForDeploymentPostprocessing = 0;
		};
		325664EC2773E423006625E2 /* Frameworks */ = {
			isa = PBXFrameworksBuildPhase;
			buildActionMask = 2147483647;
			files = (
			);
			runOnlyForDeploymentPostprocessing = 0;
		};
/* End PBXFrameworksBuildPhase section */

/* Begin PBXGroup section */
		325664CC2773E420006625E2 = {
			isa = PBXGroup;
			children = (
				325664D72773E420006625E2 /* Balloon */,
				325664E82773E423006625E2 /* BalloonTests */,
				325664F22773E423006625E2 /* BalloonUITests */,
				325664D62773E420006625E2 /* Products */,
			);
			sourceTree = "<group>";
		};
		325664D62773E420006625E2 /* Products */ = {
			isa = PBXGroup;
			children = (
				325664D52773E420006625E2 /* Balloon.app */,
				325664E52773E423006625E2 /* BalloonTests.xctest */,
				325664EF2773E423006625E2 /* BalloonUITests.xctest */,
			);
			name = Products;
			sourceTree = "<group>";
		};
		325664D72773E420006625E2 /* Balloon */ = {
			isa = PBXGroup;
			children = (
				325664D82773E420006625E2 /* BalloonApp.swift */,
				325664DA2773E420006625E2 /* ContentView.swift */,
				325664DC2773E422006625E2 /* Assets.xcassets */,
				325664DE2773E422006625E2 /* Preview Content */,
				325665052773E8FB006625E2 /* TocenLive.swift */,
				32BE491E27749D5300F60371 /* sample.json */,
			);
			path = Balloon;
			sourceTree = "<group>";
		};
		325664DE2773E422006625E2 /* Preview Content */ = {
			isa = PBXGroup;
			children = (
				325664DF2773E422006625E2 /* Preview Assets.xcassets */,
			);
			path = "Preview Content";
			sourceTree = "<group>";
		};
		325664E82773E423006625E2 /* BalloonTests */ = {
			isa = PBXGroup;
			children = (
				325664E92773E423006625E2 /* BalloonTests.swift */,
			);
			path = BalloonTests;
			sourceTree = "<group>";
		};
		325664F22773E423006625E2 /* BalloonUITests */ = {
			isa = PBXGroup;
			children = (
				325664F32773E423006625E2 /* BalloonUITests.swift */,
				325664F52773E423006625E2 /* BalloonUITestsLaunchTests.swift */,
			);
			path = BalloonUITests;
			sourceTree = "<group>";
		};
/* End PBXGroup section */

/* Begin PBXNativeTarget section */
		325664D42773E420006625E2 /* Balloon */ = {
			isa = PBXNativeTarget;
			buildConfigurationList = 325664F92773E423006625E2 /* Build configuration list for PBXNativeTarget "Balloon" */;
			buildPhases = (
				325664D12773E420006625E2 /* Sources */,
				325664D22773E420006625E2 /* Frameworks */,
				325664D32773E420006625E2 /* Resources */,
			);
			buildRules = (
			);
			dependencies = (
			);
			name = Balloon;
			packageProductDependencies = (
				325665032773E860006625E2 /* Starscream */,
			);
			productName = Balloon;
			productReference = 325664D52773E420006625E2 /* Balloon.app */;
			productType = "com.apple.product-type.application";
		};
		325664E42773E423006625E2 /* BalloonTests */ = {
			isa = PBXNativeTarget;
			buildConfigurationList = 325664FC2773E423006625E2 /* Build configuration list for PBXNativeTarget "BalloonTests" */;
			buildPhases = (
				325664E12773E423006625E2 /* Sources */,
				325664E22773E423006625E2 /* Frameworks */,
				325664E32773E423006625E2 /* Resources */,
			);
			buildRules = (
			);
			dependencies = (
				325664E72773E423006625E2 /* PBXTargetDependency */,
			);
			name = BalloonTests;
			productName = BalloonTests;
			productReference = 325664E52773E423006625E2 /* BalloonTests.xctest */;
			productType = "com.apple.product-type.bundle.unit-test";
		};
		325664EE2773E423006625E2 /* BalloonUITests */ = {
			isa = PBXNativeTarget;
			buildConfigurationList = 325664FF2773E423006625E2 /* Build configuration list for PBXNativeTarget "BalloonUITests" */;
			buildPhases = (
				325664EB2773E423006625E2 /* Sources */,
				325664EC2773E423006625E2 /* Frameworks */,
				325664ED2773E423006625E2 /* Resources */,
			);
			buildRules = (
			);
			dependencies = (
				325664F12773E423006625E2 /* PBXTargetDependency */,
			);
			name = BalloonUITests;
			productName = BalloonUITests;
			productReference = 325664EF2773E423006625E2 /* BalloonUITests.xctest */;
			productType = "com.apple.product-type.bundle.ui-testing";
		};
/* End PBXNativeTarget section */

/* Begin PBXProject section */
		325664CD2773E420006625E2 /* Project object */ = {
			isa = PBXProject;
			attributes = {
				BuildIndependentTargetsInParallel = 1;
				LastSwiftUpdateCheck = 1320;
				LastUpgradeCheck = 1320;
				TargetAttributes = {
					325664D42773E420006625E2 = {
						CreatedOnToolsVersion = 13.2.1;
					};
					325664E42773E423006625E2 = {
						CreatedOnToolsVersion = 13.2.1;
						TestTargetID = 325664D42773E420006625E2;
					};
					325664EE2773E423006625E2 = {
						CreatedOnToolsVersion = 13.2.1;
						TestTargetID = 325664D42773E420006625E2;
					};
				};
			};
			buildConfigurationList = 325664D02773E420006625E2 /* Build configuration list for PBXProject "Balloon" */;
			compatibilityVersion = "Xcode 13.0";
			developmentRegion = en;
			hasScannedForEncodings = 0;
			knownRegions = (
				en,
				Base,
			);
			mainGroup = 325664CC2773E420006625E2;
			packageReferences = (
				325665022773E860006625E2 /* XCRemoteSwiftPackageReference "Starscream" */,
			);
			productRefGroup = 325664D62773E420006625E2 /* Products */;
			projectDirPath = "";
			projectRoot = "";
			targets = (
				325664D42773E420006625E2 /* Balloon */,
				325664E42773E423006625E2 /* BalloonTests */,
				325664EE2773E423006625E2 /* BalloonUITests */,
			);
		};
/* End PBXProject section */

/* Begin PBXResourcesBuildPhase section */
		325664D32773E420006625E2 /* Resources */ = {
			isa = PBXResourcesBuildPhase;
			buildActionMask = 2147483647;
			files = (
				325664E02773E422006625E2 /* Preview Assets.xcassets in Resources */,
				325664DD2773E422006625E2 /* Assets.xcassets in Resources */,
				32BE491F27749D5300F60371 /* sample.json in Resources */,
			);
			runOnlyForDeploymentPostprocessing = 0;
		};
		325664E32773E423006625E2 /* Resources */ = {
			isa = PBXResourcesBuildPhase;
			buildActionMask = 2147483647;
			files = (
			);
			runOnlyForDeploymentPostprocessing = 0;
		};
		325664ED2773E423006625E2 /* Resources */ = {
			isa = PBXResourcesBuildPhase;
			buildActionMask = 2147483647;
			files = (
			);
			runOnlyForDeploymentPostprocessing = 0;
		};
/* End PBXResourcesBuildPhase section */

/* Begin PBXSourcesBuildPhase section */
		325664D12773E420006625E2 /* Sources */ = {
			isa = PBXSourcesBuildPhase;
			buildActionMask = 2147483647;
			files = (
				325665062773E8FB006625E2 /* TocenLive.swift in Sources */,
				325664DB2773E420006625E2 /* ContentView.swift in Sources */,
				325664D92773E420006625E2 /* BalloonApp.swift in Sources */,
			);
			runOnlyForDeploymentPostprocessing = 0;
		};
		325664E12773E423006625E2 /* Sources */ = {
			isa = PBXSourcesBuildPhase;
			buildActionMask = 2147483647;
			files = (
				325664EA2773E423006625E2 /* BalloonTests.swift in Sources */,
			);
			runOnlyForDeploymentPostprocessing = 0;
		};
		325664EB2773E423006625E2 /* Sources */ = {
			isa = PBXSourcesBuildPhase;
			buildActionMask = 2147483647;
			files = (
				325664F62773E423006625E2 /* BalloonUITestsLaunchTests.swift in Sources */,
				325664F42773E423006625E2 /* BalloonUITests.swift in Sources */,
			);
			runOnlyForDeploymentPostprocessing = 0;
		};
/* End PBXSourcesBuildPhase section */

/* Begin PBXTargetDependency section */
		325664E72773E423006625E2 /* PBXTargetDependency */ = {
			isa = PBXTargetDependency;
			target = 325664D42773E420006625E2 /* Balloon */;
			targetProxy = 325664E62773E423006625E2 /* PBXContainerItemProxy */;
		};
		325664F12773E423006625E2 /* PBXTargetDependency */ = {
			isa = PBXTargetDependency;
			target = 325664D42773E420006625E2 /* Balloon */;
			targetProxy = 325664F02773E423006625E2 /* PBXContainerItemProxy */;
		};
/* End PBXTargetDependency section */

/* Begin XCBuildConfiguration section */
		325664F72773E423006625E2 /* Debug */ = {
			isa = XCBuildConfiguration;
			buildSettings = {
				ALWAYS_SEARCH_USER_PATHS = NO;
				CLANG_ANALYZER_NONNULL = YES;
				CLANG_ANALYZER_NUMBER_OBJECT_CONVERSION = YES_AGGRESSIVE;
				CLANG_CXX_LANGUAGE_STANDARD = "gnu++17";
				CLANG_CXX_LIBRARY = "libc++";
				CLANG_ENABLE_MODULES = YES;
				CLANG_ENABLE_OBJC_ARC = YES;
				CLANG_ENABLE_OBJC_WEAK = YES;
				CLANG_WARN_BLOCK_CAPTURE_AUTORELEASING = YES;
				CLANG_WARN_BOOL_CONVERSION = YES;
				CLANG_WARN_COMMA = YES;
				CLANG_WARN_CONSTANT_CONVERSION = YES;
				CLANG_WARN_DEPRECATED_OBJC_IMPLEMENTATIONS = YES;
				CLANG_WARN_DIRECT_OBJC_ISA_USAGE = YES_ERROR;
				CLANG_WARN_DOCUMENTATION_COMMENTS = YES;
				CLANG_WARN_EMPTY_BODY = YES;
				CLANG_WARN_ENUM_CONVERSION = YES;
				CLANG_WARN_INFINITE_RECURSION = YES;
				CLANG_WARN_INT_CONVERSION = YES;
				CLANG_WARN_NON_LITERAL_NULL_CONVERSION = YES;
				CLANG_WARN_OBJC_IMPLICIT_RETAIN_SELF = YES;
				CLANG_WARN_OBJC_LITERAL_CONVERSION = YES;
				CLANG_WARN_OBJC_ROOT_CLASS = YES_ERROR;
				CLANG_WARN_QUOTED_INCLUDE_IN_FRAMEWORK_HEADER = YES;
				CLANG_WARN_RANGE_LOOP_ANALYSIS = YES;
				CLANG_WARN_STRICT_PROTOTYPES = YES;
				CLANG_WARN_SUSPICIOUS_MOVE = YES;
				CLANG_WARN_UNGUARDED_AVAILABILITY = YES_AGGRESSIVE;
				CLANG_WARN_UNREACHABLE_CODE = YES;
				CLANG_WARN__DUPLICATE_METHOD_MATCH = YES;
				COPY_PHASE_STRIP = NO;
				DEBUG_INFORMATION_FORMAT = dwarf;
				ENABLE_STRICT_OBJC_MSGSEND = YES;
				ENABLE_TESTABILITY = YES;
				GCC_C_LANGUAGE_STANDARD = gnu11;
				GCC_DYNAMIC_NO_PIC = NO;
				GCC_NO_COMMON_BLOCKS = YES;
				GCC_OPTIMIZATION_LEVEL = 0;
				GCC_PREPROCESSOR_DEFINITIONS = (
					"DEBUG=1",
					"$(inherited)",
				);
				GCC_WARN_64_TO_32_BIT_CONVERSION = YES;
				GCC_WARN_ABOUT_RETURN_TYPE = YES_ERROR;
				GCC_WARN_UNDECLARED_SELECTOR = YES;
				GCC_WARN_UNINITIALIZED_AUTOS = YES_AGGRESSIVE;
				GCC_WARN_UNUSED_FUNCTION = YES;
				GCC_WARN_UNUSED_VARIABLE = YES;
				IPHONEOS_DEPLOYMENT_TARGET = 15.2;
				MTL_ENABLE_DEBUG_INFO = INCLUDE_SOURCE;
				MTL_FAST_MATH = YES;
				ONLY_ACTIVE_ARCH = YES;
				SDKROOT = iphoneos;
				SWIFT_ACTIVE_COMPILATION_CONDITIONS = DEBUG;
				SWIFT_OPTIMIZATION_LEVEL = "-Onone";
			};
			name = Debug;
		};
		325664F82773E423006625E2 /* Release */ = {
			isa = XCBuildConfiguration;
			buildSettings = {
				ALWAYS_SEARCH_USER_PATHS = NO;
				CLANG_ANALYZER_NONNULL = YES;
				CLANG_ANALYZER_NUMBER_OBJECT_CONVERSION = YES_AGGRESSIVE;
				CLANG_CXX_LANGUAGE_STANDARD = "gnu++17";
				CLANG_CXX_LIBRARY = "libc++";
				CLANG_ENABLE_MODULES = YES;
				CLANG_ENABLE_OBJC_ARC = YES;
				CLANG_ENABLE_OBJC_WEAK = YES;
				CLANG_WARN_BLOCK_CAPTURE_AUTORELEASING = YES;
				CLANG_WARN_BOOL_CONVERSION = YES;
				CLANG_WARN_COMMA = YES;
				CLANG_WARN_CONSTANT_CONVERSION = YES;
				CLANG_WARN_DEPRECATED_OBJC_IMPLEMENTATIONS = YES;
				CLANG_WARN_DIRECT_OBJC_ISA_USAGE = YES_ERROR;
				CLANG_WARN_DOCUMENTATION_COMMENTS = YES;
				CLANG_WARN_EMPTY_BODY = YES;
				CLANG_WARN_ENUM_CONVERSION = YES;
				CLANG_WARN_INFINITE_RECURSION = YES;
				CLANG_WARN_INT_CONVERSION = YES;
				CLANG_WARN_NON_LITERAL_NULL_CONVERSION = YES;
				CLANG_WARN_OBJC_IMPLICIT_RETAIN_SELF = YES;
				CLANG_WARN_OBJC_LITERAL_CONVERSION = YES;
				CLANG_WARN_OBJC_ROOT_CLASS = YES_ERROR;
				CLANG_WARN_QUOTED_INCLUDE_IN_FRAMEWORK_HEADER = YES;
				CLANG_WARN_RANGE_LOOP_ANALYSIS = YES;
				CLANG_WARN_STRICT_PROTOTYPES = YES;
				CLANG_WARN_SUSPICIOUS_MOVE = YES;
				CLANG_WARN_UNGUARDED_AVAILABILITY = YES_AGGRESSIVE;
				CLANG_WARN_UNREACHABLE_CODE = YES;
				CLANG_WARN__DUPLICATE_METHOD_MATCH = YES;
				COPY_PHASE_STRIP = NO;
				DEBUG_INFORMATION_FORMAT = "dwarf-with-dsym";
				ENABLE_NS_ASSERTIONS = NO;
				ENABLE_STRICT_OBJC_MSGSEND = YES;
				GCC_C_LANGUAGE_STANDARD = gnu11;
				GCC_NO_COMMON_BLOCKS = YES;
				GCC_WARN_64_TO_32_BIT_CONVERSION = YES;
				GCC_WARN_ABOUT_RETURN_TYPE = YES_ERROR;
				GCC_WARN_UNDECLARED_SELECTOR = YES;
				GCC_WARN_UNINITIALIZED_AUTOS = YES_AGGRESSIVE;
				GCC_WARN_UNUSED_FUNCTION = YES;
				GCC_WARN_UNUSED_VARIABLE = YES;
				IPHONEOS_DEPLOYMENT_TARGET = 15.2;
				MTL_ENABLE_DEBUG_INFO = NO;
				MTL_FAST_MATH = YES;
				SDKROOT = iphoneos;
				SWIFT_COMPILATION_MODE = wholemodule;
				SWIFT_OPTIMIZATION_LEVEL = "-O";
				VALIDATE_PRODUCT = YES;
			};
			name = Release;
		};
		325664FA2773E423006625E2 /* Debug */ = {
			isa = XCBuildConfiguration;
			buildSettings = {
				ASSETCATALOG_COMPILER_APPICON_NAME = AppIcon;
				ASSETCATALOG_COMPILER_GLOBAL_ACCENT_COLOR_NAME = AccentColor;
				CODE_SIGN_STYLE = Automatic;
				CURRENT_PROJECT_VERSION = 1;
				DEVELOPMENT_ASSET_PATHS = "\"Balloon/Preview Content\"";
				DEVELOPMENT_TEAM = PFET672VQB;
				ENABLE_PREVIEWS = YES;
				GENERATE_INFOPLIST_FILE = YES;
				INFOPLIST_KEY_UIApplicationSceneManifest_Generation = YES;
				INFOPLIST_KEY_UIApplicationSupportsIndirectInputEvents = YES;
				INFOPLIST_KEY_UILaunchScreen_Generation = YES;
				INFOPLIST_KEY_UISupportedInterfaceOrientations_iPad = "UIInterfaceOrientationPortrait UIInterfaceOrientationPortraitUpsideDown UIInterfaceOrientationLandscapeLeft UIInterfaceOrientationLandscapeRight";
				INFOPLIST_KEY_UISupportedInterfaceOrientations_iPhone = "UIInterfaceOrientationPortrait UIInterfaceOrientationLandscapeLeft UIInterfaceOrientationLandscapeRight";
				LD_RUNPATH_SEARCH_PATHS = (
					"$(inherited)",
					"@executable_path/Frameworks",
				);
				MARKETING_VERSION = 1.0;
				PRODUCT_BUNDLE_IDENTIFIER = com.pinkstack.Balloon;
				PRODUCT_NAME = "$(TARGET_NAME)";
				SWIFT_EMIT_LOC_STRINGS = YES;
				SWIFT_VERSION = 5.0;
				TARGETED_DEVICE_FAMILY = "1,2";
			};
			name = Debug;
		};
		325664FB2773E423006625E2 /* Release */ = {
			isa = XCBuildConfiguration;
			buildSettings = {
				ASSETCATALOG_COMPILER_APPICON_NAME = AppIcon;
				ASSETCATALOG_COMPILER_GLOBAL_ACCENT_COLOR_NAME = AccentColor;
				CODE_SIGN_STYLE = Automatic;
				CURRENT_PROJECT_VERSION = 1;
				DEVELOPMENT_ASSET_PATHS = "\"Balloon/Preview Content\"";
				DEVELOPMENT_TEAM = PFET672VQB;
				ENABLE_PREVIEWS = YES;
				GENERATE_INFOPLIST_FILE = YES;
				INFOPLIST_KEY_UIApplicationSceneManifest_Generation = YES;
				INFOPLIST_KEY_UIApplicationSupportsIndirectInputEvents = YES;
				INFOPLIST_KEY_UILaunchScreen_Generation = YES;
				INFOPLIST_KEY_UISupportedInterfaceOrientations_iPad = "UIInterfaceOrientationPortrait UIInterfaceOrientationPortraitUpsideDown UIInterfaceOrientationLandscapeLeft UIInterfaceOrientationLandscapeRight";
				INFOPLIST_KEY_UISupportedInterfaceOrientations_iPhone = "UIInterfaceOrientationPortrait UIInterfaceOrientationLandscapeLeft UIInterfaceOrientationLandscapeRight";
				LD_RUNPATH_SEARCH_PATHS = (
					"$(inherited)",
					"@executable_path/Frameworks",
				);
				MARKETING_VERSION = 1.0;
				PRODUCT_BUNDLE_IDENTIFIER = com.pinkstack.Balloon;
				PRODUCT_NAME = "$(TARGET_NAME)";
				SWIFT_EMIT_LOC_STRINGS = YES;
				SWIFT_VERSION = 5.0;
				TARGETED_DEVICE_FAMILY = "1,2";
			};
			name = Release;
		};
		325664FD2773E423006625E2 /* Debug */ = {
			isa = XCBuildConfiguration;
			buildSettings = {
				ALWAYS_EMBED_SWIFT_STANDARD_LIBRARIES = YES;
				BUNDLE_LOADER = "$(TEST_HOST)";
				CODE_SIGN_STYLE = Automatic;
				CURRENT_PROJECT_VERSION = 1;
				DEVELOPMENT_TEAM = PFET672VQB;
				GENERATE_INFOPLIST_FILE = YES;
				IPHONEOS_DEPLOYMENT_TARGET = 15.2;
				MARKETING_VERSION = 1.0;
				PRODUCT_BUNDLE_IDENTIFIER = com.pinkstack.BalloonTests;
				PRODUCT_NAME = "$(TARGET_NAME)";
				SWIFT_EMIT_LOC_STRINGS = NO;
				SWIFT_VERSION = 5.0;
				TARGETED_DEVICE_FAMILY = "1,2";
				TEST_HOST = "$(BUILT_PRODUCTS_DIR)/Balloon.app/Balloon";
			};
			name = Debug;
		};
		325664FE2773E423006625E2 /* Release */ = {
			isa = XCBuildConfiguration;
			buildSettings = {
				ALWAYS_EMBED_SWIFT_STANDARD_LIBRARIES = YES;
				BUNDLE_LOADER = "$(TEST_HOST)";
				CODE_SIGN_STYLE = Automatic;
				CURRENT_PROJECT_VERSION = 1;
				DEVELOPMENT_TEAM = PFET672VQB;
				GENERATE_INFOPLIST_FILE = YES;
				IPHONEOS_DEPLOYMENT_TARGET = 15.2;
				MARKETING_VERSION = 1.0;
				PRODUCT_BUNDLE_IDENTIFIER = com.pinkstack.BalloonTests;
				PRODUCT_NAME = "$(TARGET_NAME)";
				SWIFT_EMIT_LOC_STRINGS = NO;
				SWIFT_VERSION = 5.0;
				TARGETED_DEVICE_FAMILY = "1,2";
				TEST_HOST = "$(BUILT_PRODUCTS_DIR)/Balloon.app/Balloon";
			};
			name = Release;
		};
		325665002773E423006625E2 /* Debug */ = {
			isa = XCBuildConfiguration;
			buildSettings = {
				ALWAYS_EMBED_SWIFT_STANDARD_LIBRARIES = YES;
				CODE_SIGN_STYLE = Automatic;
				CURRENT_PROJECT_VERSION = 1;
				DEVELOPMENT_TEAM = PFET672VQB;
				GENERATE_INFOPLIST_FILE = YES;
				MARKETING_VERSION = 1.0;
				PRODUCT_BUNDLE_IDENTIFIER = com.pinkstack.BalloonUITests;
				PRODUCT_NAME = "$(TARGET_NAME)";
				SWIFT_EMIT_LOC_STRINGS = NO;
				SWIFT_VERSION = 5.0;
				TARGETED_DEVICE_FAMILY = "1,2";
				TEST_TARGET_NAME = Balloon;
			};
			name = Debug;
		};
		325665012773E423006625E2 /* Release */ = {
			isa = XCBuildConfiguration;
			buildSettings = {
				ALWAYS_EMBED_SWIFT_STANDARD_LIBRARIES = YES;
				CODE_SIGN_STYLE = Automatic;
				CURRENT_PROJECT_VERSION = 1;
				DEVELOPMENT_TEAM = PFET672VQB;
				GENERATE_INFOPLIST_FILE = YES;
				MARKETING_VERSION = 1.0;
				PRODUCT_BUNDLE_IDENTIFIER = com.pinkstack.BalloonUITests;
				PRODUCT_NAME = "$(TARGET_NAME)";
				SWIFT_EMIT_LOC_STRINGS = NO;
				SWIFT_VERSION = 5.0;
				TARGETED_DEVICE_FAMILY = "1,2";
				TEST_TARGET_NAME = Balloon;
			};
			name = Release;
		};
/* End XCBuildConfiguration section */

/* Begin XCConfigurationList section */
		325664D02773E420006625E2 /* Build configuration list for PBXProject "Balloon" */ = {
			isa = XCConfigurationList;
			buildConfigurations = (
				325664F72773E423006625E2 /* Debug */,
				325664F82773E423006625E2 /* Release */,
			);
			defaultConfigurationIsVisible = 0;
			defaultConfigurationName = Release;
		};
		325664F92773E423006625E2 /* Build configuration list for PBXNativeTarget "Balloon" */ = {
			isa = XCConfigurationList;
			buildConfigurations = (
				325664FA2773E423006625E2 /* Debug */,
				325664FB2773E423006625E2 /* Release */,
			);
			defaultConfigurationIsVisible = 0;
			defaultConfigurationName = Release;
		};
		325664FC2773E423006625E2 /* Build configuration list for PBXNativeTarget "BalloonTests" */ = {
			isa = XCConfigurationList;
			buildConfigurations = (
				325664FD2773E423006625E2 /* Debug */,
				325664FE2773E423006625E2 /* Release */,
			);
			defaultConfigurationIsVisible = 0;
			defaultConfigurationName = Release;
		};
		325664FF2773E423006625E2 /* Build configuration list for PBXNativeTarget "BalloonUITests" */ = {
			isa = XCConfigurationList;
			buildConfigurations = (
				325665002773E423006625E2 /* Debug */,
				325665012773E423006625E2 /* Release */,
			);
			defaultConfigurationIsVisible = 0;
			defaultConfigurationName = Release;
		};
/* End XCConfigurationList section */

/* Begin XCRemoteSwiftPackageReference section */
		325665022773E860006625E2 /* XCRemoteSwiftPackageReference "Starscream" */ = {
			isa = XCRemoteSwiftPackageReference;
			repositoryURL = "https://github.com/daltoniam/Starscream.git";
			requirement = {
				kind = upToNextMajorVersion;
				minimumVersion = 4.0.0;
			};
		};
/* End XCRemoteSwiftPackageReference section */

/* Begin XCSwiftPackageProductDependency section */
		325665032773E860006625E2 /* Starscream */ = {
			isa = XCSwiftPackageProductDependency;
			package = 325665022773E860006625E2 /* XCRemoteSwiftPackageReference "Starscream" */;
			productName = Starscream;
		};
/* End XCSwiftPackageProductDependency section */
	};
	rootObject = 325664CD2773E420006625E2 /* Project object */;
}
